// !$*UTF8*$!
{
	archiveVersion = 1;
	classes = {
	};
	objectVersion = 48;
	objects = {

/* Begin PBXBuildFile section */
		E9152DFD2008CD180011A2BC /* AppDelegate.m in Sources */ = {isa = PBXBuildFile; fileRef = E9152DFC2008CD180011A2BC /* AppDelegate.m */; };
		E9152E002008CD180011A2BC /* ViewController.m in Sources */ = {isa = PBXBuildFile; fileRef = E9152DFF2008CD180011A2BC /* ViewController.m */; };
		E9152E032008CD180011A2BC /* Main.storyboard in Resources */ = {isa = PBXBuildFile; fileRef = E9152E012008CD180011A2BC /* Main.storyboard */; };
		E9152E052008CD180011A2BC /* Assets.xcassets in Resources */ = {isa = PBXBuildFile; fileRef = E9152E042008CD180011A2BC /* Assets.xcassets */; };
		E9152E082008CD180011A2BC /* LaunchScreen.storyboard in Resources */ = {isa = PBXBuildFile; fileRef = E9152E062008CD180011A2BC /* LaunchScreen.storyboard */; };
		E9152E0B2008CD180011A2BC /* main.m in Sources */ = {isa = PBXBuildFile; fileRef = E9152E0A2008CD180011A2BC /* main.m */; };
/* End PBXBuildFile section */

/* Begin PBXFileReference section */
		E9152DF82008CD180011A2BC /* DZ_Buttons.app */ = {isa = PBXFileReference; explicitFileType = wrapper.application; includeInIndex = 0; path = DZ_Buttons.app; sourceTree = BUILT_PRODUCTS_DIR; };
		E9152DFB2008CD180011A2BC /* AppDelegate.h */ = {isa = PBXFileReference; lastKnownFileType = sourcecode.c.h; path = AppDelegate.h; sourceTree = "<group>"; };
		E9152DFC2008CD180011A2BC /* AppDelegate.m */ = {isa = PBXFileReference; lastKnownFileType = sourcecode.c.objc; path = AppDelegate.m; sourceTree = "<group>"; };
		E9152DFE2008CD180011A2BC /* ViewController.h */ = {isa = PBXFileReference; lastKnownFileType = sourcecode.c.h; path = ViewController.h; sourceTree = "<group>"; };
		E9152DFF2008CD180011A2BC /* ViewController.m */ = {isa = PBXFileReference; lastKnownFileType = sourcecode.c.objc; path = ViewController.m; sourceTree = "<group>"; };
		E9152E022008CD180011A2BC /* Base */ = {isa = PBXFileReference; lastKnownFileType = file.storyboard; name = Base; path = Base.lproj/Main.storyboard; sourceTree = "<group>"; };
		E9152E042008CD180011A2BC /* Assets.xcassets */ = {isa = PBXFileReference; lastKnownFileType = folder.assetcatalog; path = Assets.xcassets; sourceTree = "<group>"; };
		E9152E072008CD180011A2BC /* Base */ = {isa = PBXFileReference; lastKnownFileType = file.storyboard; name = Base; path = Base.lproj/LaunchScreen.storyboard; sourceTree = "<group>"; };
		E9152E092008CD180011A2BC /* Info.plist */ = {isa = PBXFileReference; lastKnownFileType = text.plist.xml; path = Info.plist; sourceTree = "<group>"; };
		E9152E0A2008CD180011A2BC /* main.m */ = {isa = PBXFileReference; lastKnownFileType = sourcecode.c.objc; path = main.m; sourceTree = "<group>"; };
/* End PBXFileReference section */

/* Begin PBXFrameworksBuildPhase section */
		E9152DF52008CD180011A2BC /* Frameworks */ = {
			isa = PBXFrameworksBuildPhase;
			buildActionMask = 2147483647;
			files = (
			);
			runOnlyForDeploymentPostprocessing = 0;
		};
/* End PBXFrameworksBuildPhase section */

/* Begin PBXGroup section */
		E9152DEF2008CD180011A2BC = {
			isa = PBXGroup;
			children = (
				E9152DFA2008CD180011A2BC /* DZ_Buttons */,
				E9152DF92008CD180011A2BC /* Products */,
			);
			sourceTree = "<group>";
		};
		E9152DF92008CD180011A2BC /* Products */ = {
			isa = PBXGroup;
			children = (
				E9152DF82008CD180011A2BC /* DZ_Buttons.app */,
			);
			name = Products;
			sourceTree = "<group>";
		};
		E9152DFA2008CD180011A2BC /* DZ_Buttons */ = {
			isa = PBXGroup;
			children = (
				E9152DFB2008CD180011A2BC /* AppDelegate.h */,
				E9152DFC2008CD180011A2BC /* AppDelegate.m */,
				E9152DFE2008CD180011A2BC /* ViewController.h */,
				E9152DFF2008CD180011A2BC /* ViewController.m */,
				E9152E012008CD180011A2BC /* Main.storyboard */,
				E9152E042008CD180011A2BC /* Assets.xcassets */,
				E9152E062008CD180011A2BC /* LaunchScreen.storyboard */,
				E9152E092008CD180011A2BC /* Info.plist */,
				E9152E0A2008CD180011A2BC /* main.m */,
			);
			path = DZ_Buttons;
			sourceTree = "<group>";
		};
/* End PBXGroup section */

/* Begin PBXNativeTarget section */
		E9152DF72008CD180011A2BC /* DZ_Buttons */ = {
			isa = PBXNativeTarget;
			buildConfigurationList = E9152E0E2008CD180011A2BC /* Build configuration list for PBXNativeTarget "DZ_Buttons" */;
			buildPhases = (
				E9152DF42008CD180011A2BC /* Sources */,
				E9152DF52008CD180011A2BC /* Frameworks */,
				E9152DF62008CD180011A2BC /* Resources */,
			);
			buildRules = (
			);
			dependencies = (
			);
			name = DZ_Buttons;
			productName = DZ_Buttons;
			productReference = E9152DF82008CD180011A2BC /* DZ_Buttons.app */;
			productType = "com.apple.product-type.application";
		};
/* End PBXNativeTarget section */

/* Begin PBXProject section */
		E9152DF02008CD180011A2BC /* Project object */ = {
			isa = PBXProject;
			attributes = {
				LastUpgradeCheck = 0920;
				ORGANIZATIONNAME = "Pavel Maiboroda";
				TargetAttributes = {
					E9152DF72008CD180011A2BC = {
						CreatedOnToolsVersion = 9.2;
						ProvisioningStyle = Automatic;
					};
				};
			};
			buildConfigurationList = E9152DF32008CD180011A2BC /* Build configuration list for PBXProject "DZ_Buttons" */;
			compatibilityVersion = "Xcode 8.0";
			developmentRegion = en;
			hasScannedForEncodings = 0;
			knownRegions = (
				en,
				Base,
			);
			mainGroup = E9152DEF2008CD180011A2BC;
			productRefGroup = E9152DF92008CD180011A2BC /* Products */;
			projectDirPath = "";
			projectRoot = "";
			targets = (
				E9152DF72008CD180011A2BC /* DZ_Buttons */,
			);
		};
/* End PBXProject section */

/* Begin PBXResourcesBuildPhase section */
		E9152DF62008CD180011A2BC /* Resources */ = {
			isa = PBXResourcesBuildPhase;
			buildActionMask = 2147483647;
			files = (
				E9152E082008CD180011A2BC /* LaunchScreen.storyboard in Resources */,
				E9152E052008CD180011A2BC /* Assets.xcassets in Resources */,
				E9152E032008CD180011A2BC /* Main.storyboard in Resources */,
			);
			runOnlyForDeploymentPostprocessing = 0;
		};
/* End PBXResourcesBuildPhase section */

/* Begin PBXSourcesBuildPhase section */
		E9152DF42008CD180011A2BC /* Sources */ = {
			isa = PBXSourcesBuildPhase;
			buildActionMask = 2147483647;
			files = (
				E9152E002008CD180011A2BC /* ViewController.m in Sources */,
				E9152E0B2008CD180011A2BC /* main.m in Sources */,
				E9152DFD2008CD180011A2BC /* AppDelegate.m in Sources */,
			);
			runOnlyForDeploymentPostprocessing = 0;
		};
/* End PBXSourcesBuildPhase section */

/* Begin PBXVariantGroup section */
		E9152E012008CD180011A2BC /* Main.storyboard */ = {
			isa = PBXVariantGroup;
			children = (
				E9152E022008CD180011A2BC /* Base */,
			);
			name = Main.storyboard;
			sourceTree = "<group>";
		};
		E9152E062008CD180011A2BC /* LaunchScreen.storyboard */ = {
			isa = PBXVariantGroup;
			children = (
				E9152E072008CD180011A2BC /* Base */,
			);
			name = LaunchScreen.storyboard;
			sourceTree = "<group>";
		};
/* End PBXVariantGroup section */

/* Begin XCBuildConfiguration section */
		E9152E0C2008CD180011A2BC /* Debug */ = {
			isa = XCBuildConfiguration;
			buildSettings = {
				ALWAYS_SEARCH_USER_PATHS = NO;
				CLANG_ANALYZER_NONNULL = YES;
				CLANG_ANALYZER_NUMBER_OBJECT_CONVERSION = YES_AGGRESSIVE;
				CLANG_CXX_LANGUAGE_STANDARD = "gnu++14";
				CLANG_CXX_LIBRARY = "libc++";
				CLANG_ENABLE_MODULES = YES;
				CLANG_ENABLE_OBJC_ARC = YES;
				CLANG_WARN_BLOCK_CAPTURE_AUTORELEASING = YES;
				CLANG_WARN_BOOL_CONVERSION = YES;
				CLANG_WARN_COMMA = YES;
				CLANG_WARN_CONSTANT_CONVERSION = YES;
				CLANG_WARN_DIRECT_OBJC_ISA_USAGE = YES_ERROR;
				CLANG_WARN_DOCUMENTATION_COMMENTS = YES;
				CLANG_WARN_EMPTY_BODY = YES;
				CLANG_WARN_ENUM_CONVERSION = YES;
				CLANG_WARN_INFINITE_RECURSION = YES;
				CLANG_WARN_INT_CONVERSION = YES;
				CLANG_WARN_NON_LITERAL_NULL_CONVERSION = YES;
				CLANG_WARN_OBJC_LITERAL_CONVERSION = YES;
				CLANG_WARN_OBJC_ROOT_CLASS = YES_ERROR;
				CLANG_WARN_RANGE_LOOP_ANALYSIS = YES;
				CLANG_WARN_STRICT_PROTOTYPES = YES;
				CLANG_WARN_SUSPICIOUS_MOVE = YES;
				CLANG_WARN_UNGUARDED_AVAILABILITY = YES_AGGRESSIVE;
				CLANG_WARN_UNREACHABLE_CODE = YES;
				CLANG_WARN__DUPLICATE_METHOD_MATCH = YES;
				CODE_SIGN_IDENTITY = "iPhone Developer";
				COPY_PHASE_STRIP = NO;
				DEBUG_INFORMATION_FORMAT = dwarf;
				ENABLE_STRICT_OBJC_MSGSEND = YES;
				ENABLE_TESTABILITY = YES;
				GCC_C_LANGUAGE_STANDARD = gnu11;
				GCC_DYNAMIC_NO_PIC = NO;
				GCC_NO_COMMON_BLOCKS = YES;
				GCC_OPTIMIZATION_LEVEL = 0;
				GCC_PREPROCESSOR_DEFINITIONS = (
					"DEBUG=1",
					"$(inherited)",
				);
				GCC_WARN_64_TO_32_BIT_CONVERSION = YES;
				GCC_WARN_ABOUT_RETURN_TYPE = YES_ERROR;
				GCC_WARN_UNDECLARED_SELECTOR = YES;
				GCC_WARN_UNINITIALIZED_AUTOS = YES_AGGRESSIVE;
				GCC_WARN_UNUSED_FUNCTION = YES;
				GCC_WARN_UNUSED_VARIABLE = YES;
				IPHONEOS_DEPLOYMENT_TARGET = 11.2;
				MTL_ENABLE_DEBUG_INFO = YES;
				ONLY_ACTIVE_ARCH = YES;
				SDKROOT = iphoneos;
			};
			name = Debug;
		};
		E9152E0D2008CD180011A2BC /* Release */ = {
			isa = XCBuildConfiguration;
			buildSettings = {
				ALWAYS_SEARCH_USER_PATHS = NO;
				CLANG_ANALYZER_NONNULL = YES;
				CLANG_ANALYZER_NUMBER_OBJECT_CONVERSION = YES_AGGRESSIVE;
				CLANG_CXX_LANGUAGE_STANDARD = "gnu++14";
				CLANG_CXX_LIBRARY = "libc++";
				CLANG_ENABLE_MODULES = YES;
				CLANG_ENABLE_OBJC_ARC = YES;
				CLANG_WARN_BLOCK_CAPTURE_AUTORELEASING = YES;
				CLANG_WARN_BOOL_CONVERSION = YES;
				CLANG_WARN_COMMA = YES;
				CLANG_WARN_CONSTANT_CONVERSION = YES;
				CLANG_WARN_DIRECT_OBJC_ISA_USAGE = YES_ERROR;
				CLANG_WARN_DOCUMENTATION_COMMENTS = YES;
				CLANG_WARN_EMPTY_BODY = YES;
				CLANG_WARN_ENUM_CONVERSION = YES;
				CLANG_WARN_INFINITE_RECURSION = YES;
				CLANG_WARN_INT_CONVERSION = YES;
				CLANG_WARN_NON_LITERAL_NULL_CONVERSION = YES;
				CLANG_WARN_OBJC_LITERAL_CONVERSION = YES;
				CLANG_WARN_OBJC_ROOT_CLASS = YES_ERROR;
				CLANG_WARN_RANGE_LOOP_ANALYSIS = YES;
				CLANG_WARN_STRICT_PROTOTYPES = YES;
				CLANG_WARN_SUSPICIOUS_MOVE = YES;
				CLANG_WARN_UNGUARDED_AVAILABILITY = YES_AGGRESSIVE;
				CLANG_WARN_UNREACHABLE_CODE = YES;
				CLANG_WARN__DUPLICATE_METHOD_MATCH = YES;
				CODE_SIGN_IDENTITY = "iPhone Developer";
				COPY_PHASE_STRIP = NO;
				DEBUG_INFORMATION_FORMAT = "dwarf-with-dsym";
				ENABLE_NS_ASSERTIONS = NO;
				ENABLE_STRICT_OBJC_MSGSEND = YES;
				GCC_C_LANGUAGE_STANDARD = gnu11;
				GCC_NO_COMMON_BLOCKS = YES;
				GCC_WARN_64_TO_32_BIT_CONVERSION = YES;
				GCC_WARN_ABOUT_RETURN_TYPE = YES_ERROR;
				GCC_WARN_UNDECLARED_SELECTOR = YES;
				GCC_WARN_UNINITIALIZED_AUTOS = YES_AGGRESSIVE;
				GCC_WARN_UNUSED_FUNCTION = YES;
				GCC_WARN_UNUSED_VARIABLE = YES;
				IPHONEOS_DEPLOYMENT_TARGET = 11.2;
				MTL_ENABLE_DEBUG_INFO = NO;
				SDKROOT = iphoneos;
				VALIDATE_PRODUCT = YES;
			};
			name = Release;
		};
		E9152E0F2008CD180011A2BC /* Debug */ = {
			isa = XCBuildConfiguration;
			buildSettings = {
				ASSETCATALOG_COMPILER_APPICON_NAME = AppIcon;
				CODE_SIGN_STYLE = Automatic;
				INFOPLIST_FILE = DZ_Buttons/Info.plist;
				LD_RUNPATH_SEARCH_PATHS = "$(inherited) @executable_path/Frameworks";
				PRODUCT_BUNDLE_IDENTIFIER = "PM.DZ-Buttons";
				PRODUCT_NAME = "$(TARGET_NAME)";
				TARGETED_DEVICE_FAMILY = "1,2";
			};
			name = Debug;
		};
		E9152E102008CD180011A2BC /* Release */ = {
			isa = XCBuildConfiguration;
			buildSettings = {
				ASSETCATALOG_COMPILER_APPICON_NAME = AppIcon;
				CODE_SIGN_STYLE = Automatic;
				INFOPLIST_FILE = DZ_Buttons/Info.plist;
				LD_RUNPATH_SEARCH_PATHS = "$(inherited) @executable_path/Frameworks";
				PRODUCT_BUNDLE_IDENTIFIER = "PM.DZ-Buttons";
				PRODUCT_NAME = "$(TARGET_NAME)";
				TARGETED_DEVICE_FAMILY = "1,2";
			};
			name = Release;
		};
/* End XCBuildConfiguration section */

/* Begin XCConfigurationList section */
		E9152DF32008CD180011A2BC /* Build configuration list for PBXProject "DZ_Buttons" */ = {
			isa = XCConfigurationList;
			buildConfigurations = (
				E9152E0C2008CD180011A2BC /* Debug */,
				E9152E0D2008CD180011A2BC /* Release */,
			);
			defaultConfigurationIsVisible = 0;
			defaultConfigurationName = Release;
		};
		E9152E0E2008CD180011A2BC /* Build configuration list for PBXNativeTarget "DZ_Buttons" */ = {
			isa = XCConfigurationList;
			buildConfigurations = (
				E9152E0F2008CD180011A2BC /* Debug */,
				E9152E102008CD180011A2BC /* Release */,
			);
			defaultConfigurationIsVisible = 0;
			defaultConfigurationName = Release;
		};
/* End XCConfigurationList section */
	};
	rootObject = E9152DF02008CD180011A2BC /* Project object */;
}
